// !$*UTF8*$!
{
	archiveVersion = 1;
	classes = {
	};
	objectVersion = 46;
	objects = {

/* Begin PBXBuildFile section */
		464A0EA620347C8700AE3001 /* smb_gameover.mp3 in Resources */ = {isa = PBXBuildFile; fileRef = 464A0EA320347C8600AE3001 /* smb_gameover.mp3 */; };
		464A0EA720347C8700AE3001 /* smb_mariodie.mp3 in Resources */ = {isa = PBXBuildFile; fileRef = 464A0EA420347C8600AE3001 /* smb_mariodie.mp3 */; };
		464A0EA820347C8700AE3001 /* smb_jump-small.mp3 in Resources */ = {isa = PBXBuildFile; fileRef = 464A0EA520347C8600AE3001 /* smb_jump-small.mp3 */; };
		464A0EAA20347EB600AE3001 /* smb_stage_clear.mp3 in Resources */ = {isa = PBXBuildFile; fileRef = 464A0EA920347EB600AE3001 /* smb_stage_clear.mp3 */; };
		4657FE432034671000F8BF9B /* smb_gameover.mp3 in Resources */ = {isa = PBXBuildFile; fileRef = 4657FE402034671000F8BF9B /* smb_gameover.mp3 */; };
		4657FE442034671000F8BF9B /* smb_mariodie.mp3 in Resources */ = {isa = PBXBuildFile; fileRef = 4657FE412034671000F8BF9B /* smb_mariodie.mp3 */; };
		4657FE452034671000F8BF9B /* smb_jump-small.mp3 in Resources */ = {isa = PBXBuildFile; fileRef = 4657FE422034671000F8BF9B /* smb_jump-small.mp3 */; };
		850642E11C67DC0700A61813 /* AppDelegate.swift in Sources */ = {isa = PBXBuildFile; fileRef = 850642E01C67DC0700A61813 /* AppDelegate.swift */; };
		850642E31C67DC0700A61813 /* GameScene.sks in Resources */ = {isa = PBXBuildFile; fileRef = 850642E21C67DC0700A61813 /* GameScene.sks */; };
		850642E51C67DC0700A61813 /* GameScene.swift in Sources */ = {isa = PBXBuildFile; fileRef = 850642E41C67DC0700A61813 /* GameScene.swift */; };
		850642E71C67DC0700A61813 /* GameViewController.swift in Sources */ = {isa = PBXBuildFile; fileRef = 850642E61C67DC0700A61813 /* GameViewController.swift */; };
		850642EA1C67DC0700A61813 /* Main.storyboard in Resources */ = {isa = PBXBuildFile; fileRef = 850642E81C67DC0700A61813 /* Main.storyboard */; };
		850642EC1C67DC0700A61813 /* Assets.xcassets in Resources */ = {isa = PBXBuildFile; fileRef = 850642EB1C67DC0700A61813 /* Assets.xcassets */; };
		850642EF1C67DC0700A61813 /* LaunchScreen.storyboard in Resources */ = {isa = PBXBuildFile; fileRef = 850642ED1C67DC0700A61813 /* LaunchScreen.storyboard */; };
		8531BC291C6E68C000C378E1 /* Lives.sks in Resources */ = {isa = PBXBuildFile; fileRef = 8531BC281C6E68C000C378E1 /* Lives.sks */; };
		8541E9361C6B628A00E15F54 /* Deck.sks in Resources */ = {isa = PBXBuildFile; fileRef = 8541E9351C6B628A00E15F54 /* Deck.sks */; };
		859F43CD1C6CBAAE00615C18 /* etna.otf in Resources */ = {isa = PBXBuildFile; fileRef = 859F43CC1C6CBAAE00615C18 /* etna.otf */; };
		859F43CF1C6CBC4400615C18 /* GameActions.swift in Sources */ = {isa = PBXBuildFile; fileRef = 859F43CE1C6CBC4400615C18 /* GameActions.swift */; };
		859F43D11C6CBCB300615C18 /* GameEvents.swift in Sources */ = {isa = PBXBuildFile; fileRef = 859F43D01C6CBCB300615C18 /* GameEvents.swift */; };
		859F43D31C6CD29800615C18 /* GameLogic.swift in Sources */ = {isa = PBXBuildFile; fileRef = 859F43D21C6CD29800615C18 /* GameLogic.swift */; };
		859F43DB1C6CFFA400615C18 /* Int.swift in Sources */ = {isa = PBXBuildFile; fileRef = 859F43DA1C6CFFA400615C18 /* Int.swift */; };
/* End PBXBuildFile section */

/* Begin PBXFileReference section */
		464A0EA320347C8600AE3001 /* smb_gameover.mp3 */ = {isa = PBXFileReference; lastKnownFileType = audio.mp3; path = smb_gameover.mp3; sourceTree = "<group>"; };
		464A0EA420347C8600AE3001 /* smb_mariodie.mp3 */ = {isa = PBXFileReference; lastKnownFileType = audio.mp3; path = smb_mariodie.mp3; sourceTree = "<group>"; };
		464A0EA520347C8600AE3001 /* smb_jump-small.mp3 */ = {isa = PBXFileReference; lastKnownFileType = audio.mp3; path = "smb_jump-small.mp3"; sourceTree = "<group>"; };
		464A0EA920347EB600AE3001 /* smb_stage_clear.mp3 */ = {isa = PBXFileReference; lastKnownFileType = audio.mp3; path = smb_stage_clear.mp3; sourceTree = "<group>"; };
		4657FE402034671000F8BF9B /* smb_gameover.mp3 */ = {isa = PBXFileReference; lastKnownFileType = audio.mp3; path = smb_gameover.mp3; sourceTree = "<group>"; };
		4657FE412034671000F8BF9B /* smb_mariodie.mp3 */ = {isa = PBXFileReference; lastKnownFileType = audio.mp3; path = smb_mariodie.mp3; sourceTree = "<group>"; };
		4657FE422034671000F8BF9B /* smb_jump-small.mp3 */ = {isa = PBXFileReference; lastKnownFileType = audio.mp3; path = "smb_jump-small.mp3"; sourceTree = "<group>"; };
		850642DD1C67DC0700A61813 /* Choose Figure.app */ = {isa = PBXFileReference; explicitFileType = wrapper.application; includeInIndex = 0; path = "Choose Figure.app"; sourceTree = BUILT_PRODUCTS_DIR; };
		850642E01C67DC0700A61813 /* AppDelegate.swift */ = {isa = PBXFileReference; lastKnownFileType = sourcecode.swift; path = AppDelegate.swift; sourceTree = "<group>"; };
		850642E21C67DC0700A61813 /* GameScene.sks */ = {isa = PBXFileReference; lastKnownFileType = file.sks; path = GameScene.sks; sourceTree = "<group>"; };
		850642E41C67DC0700A61813 /* GameScene.swift */ = {isa = PBXFileReference; lastKnownFileType = sourcecode.swift; path = GameScene.swift; sourceTree = "<group>"; };
		850642E61C67DC0700A61813 /* GameViewController.swift */ = {isa = PBXFileReference; lastKnownFileType = sourcecode.swift; path = GameViewController.swift; sourceTree = "<group>"; };
		850642E91C67DC0700A61813 /* Base */ = {isa = PBXFileReference; lastKnownFileType = file.storyboard; name = Base; path = Base.lproj/Main.storyboard; sourceTree = "<group>"; };
		850642EB1C67DC0700A61813 /* Assets.xcassets */ = {isa = PBXFileReference; lastKnownFileType = folder.assetcatalog; path = Assets.xcassets; sourceTree = "<group>"; };
		850642EE1C67DC0700A61813 /* Base */ = {isa = PBXFileReference; lastKnownFileType = file.storyboard; name = Base; path = Base.lproj/LaunchScreen.storyboard; sourceTree = "<group>"; };
		8531BC281C6E68C000C378E1 /* Lives.sks */ = {isa = PBXFileReference; lastKnownFileType = file.sks; path = Lives.sks; sourceTree = "<group>"; };
		8541E9351C6B628A00E15F54 /* Deck.sks */ = {isa = PBXFileReference; lastKnownFileType = file.sks; path = Deck.sks; sourceTree = "<group>"; };
		859F43CC1C6CBAAE00615C18 /* etna.otf */ = {isa = PBXFileReference; lastKnownFileType = file; path = etna.otf; sourceTree = "<group>"; };
		859F43CE1C6CBC4400615C18 /* GameActions.swift */ = {isa = PBXFileReference; fileEncoding = 4; lastKnownFileType = sourcecode.swift; path = GameActions.swift; sourceTree = "<group>"; };
		859F43D01C6CBCB300615C18 /* GameEvents.swift */ = {isa = PBXFileReference; fileEncoding = 4; lastKnownFileType = sourcecode.swift; path = GameEvents.swift; sourceTree = "<group>"; };
		859F43D21C6CD29800615C18 /* GameLogic.swift */ = {isa = PBXFileReference; fileEncoding = 4; lastKnownFileType = sourcecode.swift; path = GameLogic.swift; sourceTree = "<group>"; };
		859F43D81C6CDDBB00615C18 /* Info.plist */ = {isa = PBXFileReference; fileEncoding = 4; lastKnownFileType = text.plist.xml; path = Info.plist; sourceTree = "<group>"; };
		859F43DA1C6CFFA400615C18 /* Int.swift */ = {isa = PBXFileReference; fileEncoding = 4; lastKnownFileType = sourcecode.swift; path = Int.swift; sourceTree = "<group>"; };
/* End PBXFileReference section */

/* Begin PBXFrameworksBuildPhase section */
		850642DA1C67DC0700A61813 /* Frameworks */ = {
			isa = PBXFrameworksBuildPhase;
			buildActionMask = 2147483647;
			files = (
			);
			runOnlyForDeploymentPostprocessing = 0;
		};
/* End PBXFrameworksBuildPhase section */

/* Begin PBXGroup section */
		4657FE2F20345E1000F8BF9B /* Sounds */ = {
			isa = PBXGroup;
			children = (
				464A0EA920347EB600AE3001 /* smb_stage_clear.mp3 */,
				4657FE402034671000F8BF9B /* smb_gameover.mp3 */,
				4657FE422034671000F8BF9B /* smb_jump-small.mp3 */,
				4657FE412034671000F8BF9B /* smb_mariodie.mp3 */,
			);
			path = Sounds;
			sourceTree = "<group>";
		};
		850642D41C67DC0700A61813 = {
			isa = PBXGroup;
			children = (
				850642DF1C67DC0700A61813 /* Choose Figure */,
				850642DE1C67DC0700A61813 /* Products */,
			);
			sourceTree = "<group>";
		};
		850642DE1C67DC0700A61813 /* Products */ = {
			isa = PBXGroup;
			children = (
				850642DD1C67DC0700A61813 /* Choose Figure.app */,
			);
			name = Products;
			sourceTree = "<group>";
		};
		850642DF1C67DC0700A61813 /* Choose Figure */ = {
			isa = PBXGroup;
			children = (
				464A0EA320347C8600AE3001 /* smb_gameover.mp3 */,
				464A0EA520347C8600AE3001 /* smb_jump-small.mp3 */,
				464A0EA420347C8600AE3001 /* smb_mariodie.mp3 */,
				4657FE2F20345E1000F8BF9B /* Sounds */,
				859F43DA1C6CFFA400615C18 /* Int.swift */,
				859F43D71C6CDA7100615C18 /* Configs */,
				859F43D41C6CD2AA00615C18 /* Logic */,
				8541E9341C6B616A00E15F54 /* Scenes */,
				850642E01C67DC0700A61813 /* AppDelegate.swift */,
				850642E61C67DC0700A61813 /* GameViewController.swift */,
				850642E81C67DC0700A61813 /* Main.storyboard */,
				850642EB1C67DC0700A61813 /* Assets.xcassets */,
				850642ED1C67DC0700A61813 /* LaunchScreen.storyboard */,
			);
			path = "Choose Figure";
			sourceTree = "<group>";
		};
		8541E9341C6B616A00E15F54 /* Scenes */ = {
			isa = PBXGroup;
			children = (
				850642E21C67DC0700A61813 /* GameScene.sks */,
				8531BC281C6E68C000C378E1 /* Lives.sks */,
				8541E9351C6B628A00E15F54 /* Deck.sks */,
				850642E41C67DC0700A61813 /* GameScene.swift */,
			);
			name = Scenes;
			sourceTree = "<group>";
		};
		859F43D41C6CD2AA00615C18 /* Logic */ = {
			isa = PBXGroup;
			children = (
				859F43CE1C6CBC4400615C18 /* GameActions.swift */,
				859F43D01C6CBCB300615C18 /* GameEvents.swift */,
				859F43D21C6CD29800615C18 /* GameLogic.swift */,
			);
			name = Logic;
			sourceTree = "<group>";
		};
		859F43D71C6CDA7100615C18 /* Configs */ = {
			isa = PBXGroup;
			children = (
				859F43CC1C6CBAAE00615C18 /* etna.otf */,
				859F43D81C6CDDBB00615C18 /* Info.plist */,
			);
			name = Configs;
			sourceTree = "<group>";
		};
/* End PBXGroup section */

/* Begin PBXNativeTarget section */
		850642DC1C67DC0700A61813 /* Choose Figure */ = {
			isa = PBXNativeTarget;
			buildConfigurationList = 850642F31C67DC0700A61813 /* Build configuration list for PBXNativeTarget "Choose Figure" */;
			buildPhases = (
				850642D91C67DC0700A61813 /* Sources */,
				850642DA1C67DC0700A61813 /* Frameworks */,
				850642DB1C67DC0700A61813 /* Resources */,
			);
			buildRules = (
			);
			dependencies = (
			);
			name = "Choose Figure";
			productName = "Choose Figure";
			productReference = 850642DD1C67DC0700A61813 /* Choose Figure.app */;
			productType = "com.apple.product-type.application";
		};
/* End PBXNativeTarget section */

/* Begin PBXProject section */
		850642D51C67DC0700A61813 /* Project object */ = {
			isa = PBXProject;
			attributes = {
				LastSwiftUpdateCheck = 0720;
				LastUpgradeCheck = 0920;
				ORGANIZATIONNAME = ivansosnovik;
				TargetAttributes = {
					850642DC1C67DC0700A61813 = {
						CreatedOnToolsVersion = 7.2;
						DevelopmentTeam = 36WQEL4A84;
					};
				};
			};
			buildConfigurationList = 850642D81C67DC0700A61813 /* Build configuration list for PBXProject "Choose Figure" */;
			compatibilityVersion = "Xcode 3.2";
			developmentRegion = English;
			hasScannedForEncodings = 0;
			knownRegions = (
				en,
				Base,
			);
			mainGroup = 850642D41C67DC0700A61813;
			productRefGroup = 850642DE1C67DC0700A61813 /* Products */;
			projectDirPath = "";
			projectRoot = "";
			targets = (
				850642DC1C67DC0700A61813 /* Choose Figure */,
			);
		};
/* End PBXProject section */

/* Begin PBXResourcesBuildPhase section */
		850642DB1C67DC0700A61813 /* Resources */ = {
			isa = PBXResourcesBuildPhase;
			buildActionMask = 2147483647;
			files = (
				850642E31C67DC0700A61813 /* GameScene.sks in Resources */,
				464A0EA820347C8700AE3001 /* smb_jump-small.mp3 in Resources */,
				859F43CD1C6CBAAE00615C18 /* etna.otf in Resources */,
				850642EF1C67DC0700A61813 /* LaunchScreen.storyboard in Resources */,
				4657FE452034671000F8BF9B /* smb_jump-small.mp3 in Resources */,
				4657FE442034671000F8BF9B /* smb_mariodie.mp3 in Resources */,
				464A0EAA20347EB600AE3001 /* smb_stage_clear.mp3 in Resources */,
				850642EC1C67DC0700A61813 /* Assets.xcassets in Resources */,
				8541E9361C6B628A00E15F54 /* Deck.sks in Resources */,
				4657FE432034671000F8BF9B /* smb_gameover.mp3 in Resources */,
				8531BC291C6E68C000C378E1 /* Lives.sks in Resources */,
				464A0EA720347C8700AE3001 /* smb_mariodie.mp3 in Resources */,
				464A0EA620347C8700AE3001 /* smb_gameover.mp3 in Resources */,
				850642EA1C67DC0700A61813 /* Main.storyboard in Resources */,
			);
			runOnlyForDeploymentPostprocessing = 0;
		};
/* End PBXResourcesBuildPhase section */

/* Begin PBXSourcesBuildPhase section */
		850642D91C67DC0700A61813 /* Sources */ = {
			isa = PBXSourcesBuildPhase;
			buildActionMask = 2147483647;
			files = (
				859F43D31C6CD29800615C18 /* GameLogic.swift in Sources */,
				850642E51C67DC0700A61813 /* GameScene.swift in Sources */,
				850642E71C67DC0700A61813 /* GameViewController.swift in Sources */,
				859F43DB1C6CFFA400615C18 /* Int.swift in Sources */,
				850642E11C67DC0700A61813 /* AppDelegate.swift in Sources */,
				859F43CF1C6CBC4400615C18 /* GameActions.swift in Sources */,
				859F43D11C6CBCB300615C18 /* GameEvents.swift in Sources */,
			);
			runOnlyForDeploymentPostprocessing = 0;
		};
/* End PBXSourcesBuildPhase section */

/* Begin PBXVariantGroup section */
		850642E81C67DC0700A61813 /* Main.storyboard */ = {
			isa = PBXVariantGroup;
			children = (
				850642E91C67DC0700A61813 /* Base */,
			);
			name = Main.storyboard;
			sourceTree = "<group>";
		};
		850642ED1C67DC0700A61813 /* LaunchScreen.storyboard */ = {
			isa = PBXVariantGroup;
			children = (
				850642EE1C67DC0700A61813 /* Base */,
			);
			name = LaunchScreen.storyboard;
			sourceTree = "<group>";
		};
/* End PBXVariantGroup section */

/* Begin XCBuildConfiguration section */
		850642F11C67DC0700A61813 /* Debug */ = {
			isa = XCBuildConfiguration;
			buildSettings = {
				ALWAYS_SEARCH_USER_PATHS = NO;
				CLANG_CXX_LANGUAGE_STANDARD = "gnu++0x";
				CLANG_CXX_LIBRARY = "libc++";
				CLANG_ENABLE_MODULES = YES;
				CLANG_ENABLE_OBJC_ARC = YES;
				CLANG_WARN_BLOCK_CAPTURE_AUTORELEASING = YES;
				CLANG_WARN_BOOL_CONVERSION = YES;
				CLANG_WARN_COMMA = YES;
				CLANG_WARN_CONSTANT_CONVERSION = YES;
				CLANG_WARN_DIRECT_OBJC_ISA_USAGE = YES_ERROR;
				CLANG_WARN_EMPTY_BODY = YES;
				CLANG_WARN_ENUM_CONVERSION = YES;
				CLANG_WARN_INFINITE_RECURSION = YES;
				CLANG_WARN_INT_CONVERSION = YES;
				CLANG_WARN_NON_LITERAL_NULL_CONVERSION = YES;
				CLANG_WARN_OBJC_LITERAL_CONVERSION = YES;
				CLANG_WARN_OBJC_ROOT_CLASS = YES_ERROR;
				CLANG_WARN_RANGE_LOOP_ANALYSIS = YES;
				CLANG_WARN_STRICT_PROTOTYPES = YES;
				CLANG_WARN_SUSPICIOUS_MOVE = YES;
				CLANG_WARN_UNREACHABLE_CODE = YES;
				CLANG_WARN__DUPLICATE_METHOD_MATCH = YES;
				"CODE_SIGN_IDENTITY[sdk=iphoneos*]" = "iPhone Developer";
				COPY_PHASE_STRIP = NO;
				DEBUG_INFORMATION_FORMAT = "dwarf-with-dsym";
				ENABLE_STRICT_OBJC_MSGSEND = YES;
				ENABLE_TESTABILITY = YES;
				GCC_C_LANGUAGE_STANDARD = gnu99;
				GCC_DYNAMIC_NO_PIC = NO;
				GCC_NO_COMMON_BLOCKS = YES;
				GCC_OPTIMIZATION_LEVEL = 0;
				GCC_PREPROCESSOR_DEFINITIONS = (
					"DEBUG=1",
					"$(inherited)",
				);
				GCC_WARN_64_TO_32_BIT_CONVERSION = YES;
				GCC_WARN_ABOUT_RETURN_TYPE = YES_ERROR;
				GCC_WARN_UNDECLARED_SELECTOR = YES;
				GCC_WARN_UNINITIALIZED_AUTOS = YES_AGGRESSIVE;
				GCC_WARN_UNUSED_FUNCTION = YES;
				GCC_WARN_UNUSED_VARIABLE = YES;
				IPHONEOS_DEPLOYMENT_TARGET = 9.2;
				MTL_ENABLE_DEBUG_INFO = YES;
				ONLY_ACTIVE_ARCH = YES;
				SDKROOT = iphoneos;
				SWIFT_OPTIMIZATION_LEVEL = "-Onone";
				SWIFT_VERSION = 4.0;
				TARGETED_DEVICE_FAMILY = "1,2";
			};
			name = Debug;
		};
		850642F21C67DC0700A61813 /* Release */ = {
			isa = XCBuildConfiguration;
			buildSettings = {
				ALWAYS_SEARCH_USER_PATHS = NO;
				CLANG_CXX_LANGUAGE_STANDARD = "gnu++0x";
				CLANG_CXX_LIBRARY = "libc++";
				CLANG_ENABLE_MODULES = YES;
				CLANG_ENABLE_OBJC_ARC = YES;
				CLANG_WARN_BLOCK_CAPTURE_AUTORELEASING = YES;
				CLANG_WARN_BOOL_CONVERSION = YES;
				CLANG_WARN_COMMA = YES;
				CLANG_WARN_CONSTANT_CONVERSION = YES;
				CLANG_WARN_DIRECT_OBJC_ISA_USAGE = YES_ERROR;
				CLANG_WARN_EMPTY_BODY = YES;
				CLANG_WARN_ENUM_CONVERSION = YES;
				CLANG_WARN_INFINITE_RECURSION = YES;
				CLANG_WARN_INT_CONVERSION = YES;
				CLANG_WARN_NON_LITERAL_NULL_CONVERSION = YES;
				CLANG_WARN_OBJC_LITERAL_CONVERSION = YES;
				CLANG_WARN_OBJC_ROOT_CLASS = YES_ERROR;
				CLANG_WARN_RANGE_LOOP_ANALYSIS = YES;
				CLANG_WARN_STRICT_PROTOTYPES = YES;
				CLANG_WARN_SUSPICIOUS_MOVE = YES;
				CLANG_WARN_UNREACHABLE_CODE = YES;
				CLANG_WARN__DUPLICATE_METHOD_MATCH = YES;
				"CODE_SIGN_IDENTITY[sdk=iphoneos*]" = "iPhone Developer";
				COPY_PHASE_STRIP = NO;
				DEBUG_INFORMATION_FORMAT = "dwarf-with-dsym";
				ENABLE_NS_ASSERTIONS = NO;
				ENABLE_STRICT_OBJC_MSGSEND = YES;
				GCC_C_LANGUAGE_STANDARD = gnu99;
				GCC_NO_COMMON_BLOCKS = YES;
				GCC_WARN_64_TO_32_BIT_CONVERSION = YES;
				GCC_WARN_ABOUT_RETURN_TYPE = YES_ERROR;
				GCC_WARN_UNDECLARED_SELECTOR = YES;
				GCC_WARN_UNINITIALIZED_AUTOS = YES_AGGRESSIVE;
				GCC_WARN_UNUSED_FUNCTION = YES;
				GCC_WARN_UNUSED_VARIABLE = YES;
				IPHONEOS_DEPLOYMENT_TARGET = 9.2;
				MTL_ENABLE_DEBUG_INFO = NO;
				SDKROOT = iphoneos;
				SWIFT_OPTIMIZATION_LEVEL = "-Owholemodule";
				SWIFT_VERSION = 4.0;
				TARGETED_DEVICE_FAMILY = "1,2";
				VALIDATE_PRODUCT = YES;
			};
			name = Release;
		};
		850642F41C67DC0700A61813 /* Debug */ = {
			isa = XCBuildConfiguration;
			buildSettings = {
				ASSETCATALOG_COMPILER_APPICON_NAME = AppIcon;
				DEVELOPMENT_TEAM = 36WQEL4A84;
				INFOPLIST_FILE = "Choose Figure/Info.plist";
				IPHONEOS_DEPLOYMENT_TARGET = 9.0;
				LD_RUNPATH_SEARCH_PATHS = "$(inherited) @executable_path/Frameworks";
				PRODUCT_BUNDLE_IDENTIFIER = "com.ivansosnovik.Choose-Figure";
				PRODUCT_NAME = "$(TARGET_NAME)";
				SWIFT_VERSION = 4.0;
			};
			name = Debug;
		};
		850642F51C67DC0700A61813 /* Release */ = {
			isa = XCBuildConfiguration;
			buildSettings = {
				ASSETCATALOG_COMPILER_APPICON_NAME = AppIcon;
				DEVELOPMENT_TEAM = 36WQEL4A84;
				INFOPLIST_FILE = "Choose Figure/Info.plist";
				IPHONEOS_DEPLOYMENT_TARGET = 9.0;
				LD_RUNPATH_SEARCH_PATHS = "$(inherited) @executable_path/Frameworks";
				PRODUCT_BUNDLE_IDENTIFIER = "com.ivansosnovik.Choose-Figure";
				PRODUCT_NAME = "$(TARGET_NAME)";
				SWIFT_VERSION = 4.0;
			};
			name = Release;
		};
/* End XCBuildConfiguration section */

/* Begin XCConfigurationList section */
		850642D81C67DC0700A61813 /* Build configuration list for PBXProject "Choose Figure" */ = {
			isa = XCConfigurationList;
			buildConfigurations = (
				850642F11C67DC0700A61813 /* Debug */,
				850642F21C67DC0700A61813 /* Release */,
			);
			defaultConfigurationIsVisible = 0;
			defaultConfigurationName = Release;
		};
		850642F31C67DC0700A61813 /* Build configuration list for PBXNativeTarget "Choose Figure" */ = {
			isa = XCConfigurationList;
			buildConfigurations = (
				850642F41C67DC0700A61813 /* Debug */,
				850642F51C67DC0700A61813 /* Release */,
			);
			defaultConfigurationIsVisible = 0;
			defaultConfigurationName = Release;
		};
/* End XCConfigurationList section */
	};
	rootObject = 850642D51C67DC0700A61813 /* Project object */;
}
